
Microsoft Visual Studio Solution File, Format Version 12.00
# Visual Studio Version 16
VisualStudioVersion = 16.0.30204.135
MinimumVisualStudioVersion = 10.0.40219.1
Project("{9A19103F-16F7-4668-BE54-9A1E7A4F7556}") = "OrderBySpeechWebApp", "OrderBySpeechWebApp.csproj", "{E0F2F024-BB92-4449-87F9-9EDC1B77A322}"
EndProject
Global
	GlobalSection(SolutionConfigurationPlatforms) = preSolution
		Debug|Any CPU = Debug|Any CPU
		Release|Any CPU = Release|Any CPU
	EndGlobalSection
	GlobalSection(ProjectConfigurationPlatforms) = postSolution
		{E0F2F024-BB92-4449-87F9-9EDC1B77A322}.Debug|Any CPU.ActiveCfg = Debug|Any CPU
		{E0F2F024-BB92-4449-87F9-9EDC1B77A322}.Debug|Any CPU.Build.0 = Debug|Any CPU
		{E0F2F024-BB92-4449-87F9-9EDC1B77A322}.Release|Any CPU.ActiveCfg = Release|Any CPU
		{E0F2F024-BB92-4449-87F9-9EDC1B77A322}.Release|Any CPU.Build.0 = Release|Any CPU
	EndGlobalSection
	GlobalSection(SolutionProperties) = preSolution
		HideSolutionNode = FALSE
	EndGlobalSection
	GlobalSection(ExtensibilityGlobals) = postSolution
		SolutionGuid = {F004AC40-C29C-4468-A721-0CA93F600483}
	EndGlobalSection
EndGlobal
